
Microsoft Visual Studio Solution File, Format Version 12.00
# Visual Studio 2013
VisualStudioVersion = 12.0.21005.1
MinimumVisualStudioVersion = 10.0.40219.1
Project("{FAE04EC0-301F-11D3-BF4B-00C04F79EFBC}") = "SmartHouse", "SmartHouse\SmartHouse.csproj", "{FA26E04B-393C-4BD6-9B0D-CEA62A618378}"
EndProject
Project("{FAE04EC0-301F-11D3-BF4B-00C04F79EFBC}") = "WebFormSmartHouse", "WebFormSmartHouse\WebFormSmartHouse.csproj", "{983B8261-1AA4-4640-A831-F64B6BB139ED}"
EndProject
Global
	GlobalSection(SolutionConfigurationPlatforms) = preSolution
		Debug|Any CPU = Debug|Any CPU
		Release|Any CPU = Release|Any CPU
	EndGlobalSection
	GlobalSection(ProjectConfigurationPlatforms) = postSolution
		{FA26E04B-393C-4BD6-9B0D-CEA62A618378}.Debug|Any CPU.ActiveCfg = Debug|Any CPU
		{FA26E04B-393C-4BD6-9B0D-CEA62A618378}.Debug|Any CPU.Build.0 = Debug|Any CPU
		{FA26E04B-393C-4BD6-9B0D-CEA62A618378}.Release|Any CPU.ActiveCfg = Release|Any CPU
		{FA26E04B-393C-4BD6-9B0D-CEA62A618378}.Release|Any CPU.Build.0 = Release|Any CPU
		{983B8261-1AA4-4640-A831-F64B6BB139ED}.Debug|Any CPU.ActiveCfg = Debug|Any CPU
		{983B8261-1AA4-4640-A831-F64B6BB139ED}.Debug|Any CPU.Build.0 = Debug|Any CPU
		{983B8261-1AA4-4640-A831-F64B6BB139ED}.Release|Any CPU.ActiveCfg = Release|Any CPU
		{983B8261-1AA4-4640-A831-F64B6BB139ED}.Release|Any CPU.Build.0 = Release|Any CPU
	EndGlobalSection
	GlobalSection(SolutionProperties) = preSolution
		HideSolutionNode = FALSE
	EndGlobalSection
EndGlobal
